// !$*UTF8*$!
{
	archiveVersion = 1;
	classes = {
	};
	objectVersion = 46;
	objects = {
/* Begin PBXBuildFile section */
		0207DA581B56EA530066E2B4 /* Images.xcassets in Resources */ = {isa = PBXBuildFile; fileRef = 0207DA571B56EA530066E2B4 /* Images.xcassets */; };
		1D3623260D0F684500981E51 /* AppDelegate.m in Sources */ = {isa = PBXBuildFile; fileRef = 1D3623250D0F684500981E51 /* AppDelegate.m */; };
		1D60589B0D05DD56006BFB54 /* main.m in Sources */ = {isa = PBXBuildFile; fileRef = 29B97316FDCFA39411CA2CEA /* main.m */; };
		301BF552109A68D80062928A /* libCordova.a in Frameworks */ = {isa = PBXBuildFile; fileRef = 301BF535109A57CC0062928A /* libCordova.a */; };
		302D95F114D2391D003F00A1 /* MainViewController.m in Sources */ = {isa = PBXBuildFile; fileRef = 302D95EF14D2391D003F00A1 /* MainViewController.m */; };
		302D95F214D2391D003F00A1 /* MainViewController.xib in Resources */ = {isa = PBXBuildFile; fileRef = 302D95F014D2391D003F00A1 /* MainViewController.xib */; };
		3047A5121AB8059700498E2A /* build-debug.xcconfig in Resources */ = {isa = PBXBuildFile; fileRef = 3047A50F1AB8059700498E2A /* build-debug.xcconfig */; };
		3047A5131AB8059700498E2A /* build-release.xcconfig in Resources */ = {isa = PBXBuildFile; fileRef = 3047A5101AB8059700498E2A /* build-release.xcconfig */; };
		3047A5141AB8059700498E2A /* build.xcconfig in Resources */ = {isa = PBXBuildFile; fileRef = 3047A5111AB8059700498E2A /* build.xcconfig */; };
		6AFF5BF91D6E424B00AB3073 /* CDVLaunchScreen.storyboard in Resources */ = {isa = PBXBuildFile; fileRef = 6AFF5BF81D6E424B00AB3073 /* CDVLaunchScreen.storyboard */; };
		EF0737A206D2466A9E249889 /* CDVBattery.m in Sources */ = {isa = PBXBuildFile; fileRef = 260BF6E05B494B3A94DFCDC8 /* CDVBattery.m */; };
		50496DE2D70F49EAAFE46F8F /* UIImage+CropScaleOrientation.m in Sources */ = {isa = PBXBuildFile; fileRef = 205A14AB85964766A0F6A980 /* UIImage+CropScaleOrientation.m */; };
		24B99C935D754019826B0142 /* CDVCamera.m in Sources */ = {isa = PBXBuildFile; fileRef = E5947B2E142446669430D889 /* CDVCamera.m */; };
		60E28B81569B49BEA6069E19 /* CDVJpegHeaderWriter.m in Sources */ = {isa = PBXBuildFile; fileRef = A3DDF5AB4EE14FBFBC120048 /* CDVJpegHeaderWriter.m */; };
		5185A87268FF43DD98269DAF /* ImageIO.framework in Frameworks */ = {isa = PBXBuildFile; fileRef = 995D780037AA4B00B105026A /* ImageIO.framework */; settings = {ATTRIBUTES = (Weak, ); }; };
		735F17E4EBA64E788A37DEE2 /* CoreLocation.framework in Frameworks */ = {isa = PBXBuildFile; fileRef = 8059D4941B324B42A9A54222 /* CoreLocation.framework */; };
		B6567EAD89614323B923C880 /* AVFoundation.framework in Frameworks */ = {isa = PBXBuildFile; fileRef = 3764A377F6D543AA873C63FA /* AVFoundation.framework */; };
		2A93B894398D4140B27A40E1 /* CDVLogger.m in Sources */ = {isa = PBXBuildFile; fileRef = 3E95E06A83F64A1E95551F8E /* CDVLogger.m */; };
		71A9D756C8CA4E699E463F5D /* CDVContacts.m in Sources */ = {isa = PBXBuildFile; fileRef = 4FA404F7FCBA45C4B830FEE0 /* CDVContacts.m */; };
		9C852F269A5E44F58A45D3F2 /* CDVContact.m in Sources */ = {isa = PBXBuildFile; fileRef = 0B32E91C8CB74C4BA423A1D6 /* CDVContact.m */; };
		53B9469A38F64E5B947249B6 /* AddressBook.framework in Frameworks */ = {isa = PBXBuildFile; fileRef = A7AD58888CB949B1A38DD472 /* AddressBook.framework */; settings = {ATTRIBUTES = (Weak, ); }; };
		B942A3A2604D46318AC7DFCB /* AddressBookUI.framework in Frameworks */ = {isa = PBXBuildFile; fileRef = EB2ACC5CE1E64610A5D3F72A /* AddressBookUI.framework */; settings = {ATTRIBUTES = (Weak, ); }; };
		A460C87574CA4A29AE16394D /* CDVDevice.m in Sources */ = {isa = PBXBuildFile; fileRef = CCD0BA53E39F44489327242F /* CDVDevice.m */; };
		01101B8C2D164950BB504709 /* libz.tbd in Frameworks */ = {isa = PBXBuildFile; fileRef = 2E3179E34F414C48BB127ED2 /* libz.tbd */; };
		F33295FABF1A4EB8A338BA46 /* CDVAccelerometer.m in Sources */ = {isa = PBXBuildFile; fileRef = 48CA99AA9770463CA697B3E1 /* CDVAccelerometer.m */; };
		D2B1960B182341FCACE7087D /* CoreMotion.framework in Frameworks */ = {isa = PBXBuildFile; fileRef = B2A82B1822B74FA89F492F72 /* CoreMotion.framework */; };
		606B1B4A5B624A9A8315F926 /* CDVCompass.m in Sources */ = {isa = PBXBuildFile; fileRef = 6335FC77E2E1465DB40BD3AF /* CDVCompass.m */; };
		4919D48707E7441FBE85EB26 /* CDVNotification.m in Sources */ = {isa = PBXBuildFile; fileRef = 7567AAFF08234F35A380E19D /* CDVNotification.m */; };
		CB9D369718D5417C8CA4352D /* CDVNotification.bundle in Resources */ = {isa = PBXBuildFile; fileRef = 734351FE6E304B40B08ABF26 /* CDVNotification.bundle */; };
		88C09BA9E3F5404CA33D53F0 /* AudioToolbox.framework in Frameworks */ = {isa = PBXBuildFile; fileRef = 675C0F966AD24A94AE4EF7D4 /* AudioToolbox.framework */; settings = {ATTRIBUTES = (Weak, ); }; };
		527F8D9C8DC24536A2653118 /* CDVFile.m in Sources */ = {isa = PBXBuildFile; fileRef = C8C1B1D857AF4587AAB8B79E /* CDVFile.m */; };
		4032DC1A017E4E9FA9E4BE90 /* CDVLocalFilesystem.m in Sources */ = {isa = PBXBuildFile; fileRef = 949130ED84E4464B9BB7D118 /* CDVLocalFilesystem.m */; };
		1F754C890B2A4641901DE55C /* CDVAssetLibraryFilesystem.m in Sources */ = {isa = PBXBuildFile; fileRef = 346BB7D01C2145F2B13148B9 /* CDVAssetLibraryFilesystem.m */; };
		B3CD0EBB45FC46CE96E67C70 /* CDVFileTransfer.m in Sources */ = {isa = PBXBuildFile; fileRef = 97FFDA30BE9A4D45BAAFD4E4 /* CDVFileTransfer.m */; };
		C9CFA629BB5842C8B3241058 /* CDVLocation.m in Sources */ = {isa = PBXBuildFile; fileRef = B2166A646E1744EE9F5A7645 /* CDVLocation.m */; };
		20034827A7CB48EAB7CAA373 /* CDVGlobalization.m in Sources */ = {isa = PBXBuildFile; fileRef = 844D380C8D8D48ED8F2921B0 /* CDVGlobalization.m */; };
		6ADFD281F20A45F4885D9085 /* CDVInAppBrowser.m in Sources */ = {isa = PBXBuildFile; fileRef = 7D87843853EB49C3B123691F /* CDVInAppBrowser.m */; };
		88A16B2B5CED4D07A2851956 /* CDVSound.m in Sources */ = {isa = PBXBuildFile; fileRef = C564B4B5A2EA4F3FAECD7B4A /* CDVSound.m */; };
		4F16DD8103D147CB8A695324 /* CDVCapture.m in Sources */ = {isa = PBXBuildFile; fileRef = 93B584A100634572BE8240E3 /* CDVCapture.m */; };
		4AB9F6A8D86E47DDA1B3C6D1 /* CDVCapture.bundle in Resources */ = {isa = PBXBuildFile; fileRef = 352B8D00904C48AA90D73265 /* CDVCapture.bundle */; };
		B82FB261FAA8489BA139F3CA /* CDVConnection.m in Sources */ = {isa = PBXBuildFile; fileRef = 4841158035914EBE8F394B22 /* CDVConnection.m */; };
		62D0D779F3614C76B1EDF1BF /* CDVReachability.m in Sources */ = {isa = PBXBuildFile; fileRef = 43C7F63DB8BA4CFEB8E9FC13 /* CDVReachability.m */; };
		438F2480840E4D40929113E6 /* SystemConfiguration.framework in Frameworks */ = {isa = PBXBuildFile; fileRef = BDA37E3771C94A8D9DCF5739 /* SystemConfiguration.framework */; settings = {ATTRIBUTES = (Weak, ); }; };
		33A7CB28D4004B2E8FB198D6 /* CoreTelephony.framework in Frameworks */ = {isa = PBXBuildFile; fileRef = F207435B175D42D482A22353 /* CoreTelephony.framework */; };
		2EF9A7FCE2E640FE9957FDC0 /* CDVSplashScreen.m in Sources */ = {isa = PBXBuildFile; fileRef = 0F1589466B194E4BB36B33FC /* CDVSplashScreen.m */; };
		7B7356DD723B4984BD63C77E /* CDVViewController+SplashScreen.m in Sources */ = {isa = PBXBuildFile; fileRef = AD404EC19C724BEF8EEC4DF5 /* CDVViewController+SplashScreen.m */; };
		9608E557E8CD4F998510F3E7 /* CDVStatusBar.m in Sources */ = {isa = PBXBuildFile; fileRef = CD4A4718E56B4CCC8DA0961D /* CDVStatusBar.m */; };
		7CF2807E24DF444B843132C2 /* CDVVibration.m in Sources */ = {isa = PBXBuildFile; fileRef = E458EA74936A4519AEA79688 /* CDVVibration.m */; };
/* End PBXBuildFile section */

/* Begin PBXContainerItemProxy section */
		301BF534109A57CC0062928A /* PBXContainerItemProxy */ = {
			isa = PBXContainerItemProxy;
			containerPortal = 301BF52D109A57CC0062928A /* CordovaLib.xcodeproj */;
			proxyType = 2;
			remoteGlobalIDString = D2AAC07E0554694100DB518D;
			remoteInfo = CordovaLib;
		};
		301BF550109A68C00062928A /* PBXContainerItemProxy */ = {
			isa = PBXContainerItemProxy;
			containerPortal = 301BF52D109A57CC0062928A /* CordovaLib.xcodeproj */;
			proxyType = 1;
			remoteGlobalIDString = D2AAC07D0554694100DB518D;
			remoteInfo = CordovaLib;
		};
/* End PBXContainerItemProxy section */

/* Begin PBXFileReference section */
		0207DA571B56EA530066E2B4 /* Images.xcassets */ = {isa = PBXFileReference; lastKnownFileType = folder.assetcatalog; name = Images.xcassets; path = "WordShare/Images.xcassets"; sourceTree = SOURCE_ROOT; };
		1D3623240D0F684500981E51 /* AppDelegate.h */ = {isa = PBXFileReference; fileEncoding = 4; lastKnownFileType = sourcecode.c.h; path = AppDelegate.h; sourceTree = "<group>"; };
		1D3623250D0F684500981E51 /* AppDelegate.m */ = {isa = PBXFileReference; fileEncoding = 4; lastKnownFileType = sourcecode.c.objc; path = AppDelegate.m; sourceTree = "<group>"; };
		1D6058910D05DD3D006BFB54 /* WordShare.app */ = {isa = PBXFileReference; explicitFileType = wrapper.application; includeInIndex = 0; path = "WordShare.app"; sourceTree = BUILT_PRODUCTS_DIR; };
		29B97316FDCFA39411CA2CEA /* main.m */ = {isa = PBXFileReference; fileEncoding = 4; lastKnownFileType = sourcecode.c.objc; path = main.m; sourceTree = "<group>"; };
		301BF52D109A57CC0062928A /* CordovaLib.xcodeproj */ = {isa = PBXFileReference; lastKnownFileType = "wrapper.pb-project"; path = CordovaLib/CordovaLib.xcodeproj; sourceTree = "<group>"; };
		301BF56E109A69640062928A /* www */ = {isa = PBXFileReference; lastKnownFileType = folder; path = www; sourceTree = SOURCE_ROOT; };
		302D95EE14D2391D003F00A1 /* MainViewController.h */ = {isa = PBXFileReference; fileEncoding = 4; lastKnownFileType = sourcecode.c.h; path = MainViewController.h; sourceTree = "<group>"; };
		302D95EF14D2391D003F00A1 /* MainViewController.m */ = {isa = PBXFileReference; fileEncoding = 4; lastKnownFileType = sourcecode.c.objc; path = MainViewController.m; sourceTree = "<group>"; };
		302D95F014D2391D003F00A1 /* MainViewController.xib */ = {isa = PBXFileReference; fileEncoding = 4; lastKnownFileType = file.xib; path = MainViewController.xib; sourceTree = "<group>"; };
		3047A50F1AB8059700498E2A /* build-debug.xcconfig */ = {isa = PBXFileReference; fileEncoding = 4; lastKnownFileType = text.xcconfig; name = "build-debug.xcconfig"; path = cordova/build-debug.xcconfig; sourceTree = SOURCE_ROOT; };
		3047A5101AB8059700498E2A /* build-release.xcconfig */ = {isa = PBXFileReference; fileEncoding = 4; lastKnownFileType = text.xcconfig; name = "build-release.xcconfig"; path = cordova/build-release.xcconfig; sourceTree = SOURCE_ROOT; };
		3047A5111AB8059700498E2A /* build.xcconfig */ = {isa = PBXFileReference; fileEncoding = 4; lastKnownFileType = text.xcconfig; name = build.xcconfig; path = cordova/build.xcconfig; sourceTree = SOURCE_ROOT; };
		32CA4F630368D1EE00C91783 /* WordShare-Prefix.pch */ = {isa = PBXFileReference; fileEncoding = 4; lastKnownFileType = sourcecode.c.h; path = "WordShare-Prefix.pch"; sourceTree = "<group>"; };
		6AFF5BF81D6E424B00AB3073 /* CDVLaunchScreen.storyboard */ = {isa = PBXFileReference; fileEncoding = 4; lastKnownFileType = file.storyboard; name = CDVLaunchScreen.storyboard; path = "WordShare/CDVLaunchScreen.storyboard"; sourceTree = SOURCE_ROOT; };
		8D1107310486CEB800E47090 /* WordShare-Info.plist */ = {isa = PBXFileReference; fileEncoding = 4; lastKnownFileType = text.plist.xml; name = "WordShare-Info.plist"; path = "WordShare/WordShare-Info.plist"; plistStructureDefinitionIdentifier = "com.apple.xcode.plist.structure-definition.iphone.info-plist"; sourceTree = SOURCE_ROOT; };
		EB87FDF31871DA8E0020F90C /* www */ = {isa = PBXFileReference; lastKnownFileType = folder; name = www; path = ../../www; sourceTree = "<group>"; };
		EB87FDF41871DAF40020F90C /* config.xml */ = {isa = PBXFileReference; lastKnownFileType = text.xml; name = config.xml; path = ../../config.xml; sourceTree = "<group>"; };
		F840E1F0165FE0F500CFE078 /* config.xml */ = {isa = PBXFileReference; lastKnownFileType = text.xml; name = config.xml; path = "WordShare/config.xml"; sourceTree = "<group>"; };
		ED33DF2A687741AEAF9F8254 /* Bridging-Header.h */ = {isa = PBXFileReference; fileEncoding = 4; lastKnownFileType = sourcecode.c.h; name = "Bridging-Header.h"; path = "Bridging-Header.h"; sourceTree = "<group>"; };
		260BF6E05B494B3A94DFCDC8 /* CDVBattery.m */ = {isa = PBXFileReference; name = "CDVBattery.m"; path = "cordova-plugin-battery-status/CDVBattery.m"; sourceTree = "<group>"; fileEncoding = 4; lastKnownFileType = sourcecode.c.objc; explicitFileType = undefined; includeInIndex = 0; };
		B7434262789141F591D2D705 /* CDVBattery.h */ = {isa = PBXFileReference; name = "CDVBattery.h"; path = "cordova-plugin-battery-status/CDVBattery.h"; sourceTree = "<group>"; fileEncoding = 4; lastKnownFileType = sourcecode.c.h; explicitFileType = undefined; includeInIndex = 0; };
		205A14AB85964766A0F6A980 /* UIImage+CropScaleOrientation.m */ = {isa = PBXFileReference; name = "UIImage+CropScaleOrientation.m"; path = "cordova-plugin-camera/UIImage+CropScaleOrientation.m"; sourceTree = "<group>"; fileEncoding = 4; lastKnownFileType = sourcecode.c.objc; explicitFileType = undefined; includeInIndex = 0; };
		E5947B2E142446669430D889 /* CDVCamera.m */ = {isa = PBXFileReference; name = "CDVCamera.m"; path = "cordova-plugin-camera/CDVCamera.m"; sourceTree = "<group>"; fileEncoding = 4; lastKnownFileType = sourcecode.c.objc; explicitFileType = undefined; includeInIndex = 0; };
		A3DDF5AB4EE14FBFBC120048 /* CDVJpegHeaderWriter.m */ = {isa = PBXFileReference; name = "CDVJpegHeaderWriter.m"; path = "cordova-plugin-camera/CDVJpegHeaderWriter.m"; sourceTree = "<group>"; fileEncoding = 4; lastKnownFileType = sourcecode.c.objc; explicitFileType = undefined; includeInIndex = 0; };
		0E6B790DB5584F888F087369 /* UIImage+CropScaleOrientation.h */ = {isa = PBXFileReference; name = "UIImage+CropScaleOrientation.h"; path = "cordova-plugin-camera/UIImage+CropScaleOrientation.h"; sourceTree = "<group>"; fileEncoding = 4; lastKnownFileType = sourcecode.c.h; explicitFileType = undefined; includeInIndex = 0; };
		0C63DDE850BE4C23970C8422 /* CDVCamera.h */ = {isa = PBXFileReference; name = "CDVCamera.h"; path = "cordova-plugin-camera/CDVCamera.h"; sourceTree = "<group>"; fileEncoding = 4; lastKnownFileType = sourcecode.c.h; explicitFileType = undefined; includeInIndex = 0; };
		241EBF64B19D4FBCB0F5C2CD /* CDVJpegHeaderWriter.h */ = {isa = PBXFileReference; name = "CDVJpegHeaderWriter.h"; path = "cordova-plugin-camera/CDVJpegHeaderWriter.h"; sourceTree = "<group>"; fileEncoding = 4; lastKnownFileType = sourcecode.c.h; explicitFileType = undefined; includeInIndex = 0; };
		6A3C750F144E43D584F006CE /* CDVExif.h */ = {isa = PBXFileReference; name = "CDVExif.h"; path = "cordova-plugin-camera/CDVExif.h"; sourceTree = "<group>"; fileEncoding = 4; lastKnownFileType = sourcecode.c.h; explicitFileType = undefined; includeInIndex = 0; };
		995D780037AA4B00B105026A /* ImageIO.framework */ = {isa = PBXFileReference; name = "ImageIO.framework"; path = "System/Library/Frameworks/ImageIO.framework"; sourceTree = SDKROOT; fileEncoding = undefined; lastKnownFileType = wrapper.framework; explicitFileType = undefined; includeInIndex = 0; };
		8059D4941B324B42A9A54222 /* CoreLocation.framework */ = {isa = PBXFileReference; name = "CoreLocation.framework"; path = "System/Library/Frameworks/CoreLocation.framework"; sourceTree = SDKROOT; fileEncoding = undefined; lastKnownFileType = wrapper.framework; explicitFileType = undefined; includeInIndex = 0; };
		3764A377F6D543AA873C63FA /* AVFoundation.framework */ = {isa = PBXFileReference; name = "AVFoundation.framework"; path = "System/Library/Frameworks/AVFoundation.framework"; sourceTree = SDKROOT; fileEncoding = undefined; lastKnownFileType = wrapper.framework; explicitFileType = undefined; includeInIndex = 0; };
		3E95E06A83F64A1E95551F8E /* CDVLogger.m */ = {isa = PBXFileReference; name = "CDVLogger.m"; path = "cordova-plugin-console/CDVLogger.m"; sourceTree = "<group>"; fileEncoding = 4; lastKnownFileType = sourcecode.c.objc; explicitFileType = undefined; includeInIndex = 0; };
		4594DB94108A4E29B32073C4 /* CDVLogger.h */ = {isa = PBXFileReference; name = "CDVLogger.h"; path = "cordova-plugin-console/CDVLogger.h"; sourceTree = "<group>"; fileEncoding = 4; lastKnownFileType = sourcecode.c.h; explicitFileType = undefined; includeInIndex = 0; };
		4FA404F7FCBA45C4B830FEE0 /* CDVContacts.m */ = {isa = PBXFileReference; name = "CDVContacts.m"; path = "cordova-plugin-contacts/CDVContacts.m"; sourceTree = "<group>"; fileEncoding = 4; lastKnownFileType = sourcecode.c.objc; explicitFileType = undefined; includeInIndex = 0; };
		0B32E91C8CB74C4BA423A1D6 /* CDVContact.m */ = {isa = PBXFileReference; name = "CDVContact.m"; path = "cordova-plugin-contacts/CDVContact.m"; sourceTree = "<group>"; fileEncoding = 4; lastKnownFileType = sourcecode.c.objc; explicitFileType = undefined; includeInIndex = 0; };
		2F675EBFA8D94D308D10124B /* CDVContacts.h */ = {isa = PBXFileReference; name = "CDVContacts.h"; path = "cordova-plugin-contacts/CDVContacts.h"; sourceTree = "<group>"; fileEncoding = 4; lastKnownFileType = sourcecode.c.h; explicitFileType = undefined; includeInIndex = 0; };
		4FF985B36F7845E3988A4520 /* CDVContact.h */ = {isa = PBXFileReference; name = "CDVContact.h"; path = "cordova-plugin-contacts/CDVContact.h"; sourceTree = "<group>"; fileEncoding = 4; lastKnownFileType = sourcecode.c.h; explicitFileType = undefined; includeInIndex = 0; };
		A7AD58888CB949B1A38DD472 /* AddressBook.framework */ = {isa = PBXFileReference; name = "AddressBook.framework"; path = "System/Library/Frameworks/AddressBook.framework"; sourceTree = SDKROOT; fileEncoding = undefined; lastKnownFileType = wrapper.framework; explicitFileType = undefined; includeInIndex = 0; };
		EB2ACC5CE1E64610A5D3F72A /* AddressBookUI.framework */ = {isa = PBXFileReference; name = "AddressBookUI.framework"; path = "System/Library/Frameworks/AddressBookUI.framework"; sourceTree = SDKROOT; fileEncoding = undefined; lastKnownFileType = wrapper.framework; explicitFileType = undefined; includeInIndex = 0; };
		CCD0BA53E39F44489327242F /* CDVDevice.m */ = {isa = PBXFileReference; name = "CDVDevice.m"; path = "cordova-plugin-device/CDVDevice.m"; sourceTree = "<group>"; fileEncoding = 4; lastKnownFileType = sourcecode.c.objc; explicitFileType = undefined; includeInIndex = 0; };
		4EF2202EF8C140B8BA3195A3 /* CDVDevice.h */ = {isa = PBXFileReference; name = "CDVDevice.h"; path = "cordova-plugin-device/CDVDevice.h"; sourceTree = "<group>"; fileEncoding = 4; lastKnownFileType = sourcecode.c.h; explicitFileType = undefined; includeInIndex = 0; };
		2E3179E34F414C48BB127ED2 /* libz.tbd */ = {isa = PBXFileReference; name = "libz.tbd"; path = "usr/lib/libz.tbd"; sourceTree = SDKROOT; fileEncoding = undefined; lastKnownFileType = sourcecode.text-based-dylib-definition; explicitFileType = undefined; includeInIndex = 0; };
		48CA99AA9770463CA697B3E1 /* CDVAccelerometer.m */ = {isa = PBXFileReference; name = "CDVAccelerometer.m"; path = "cordova-plugin-device-motion/CDVAccelerometer.m"; sourceTree = "<group>"; fileEncoding = 4; lastKnownFileType = sourcecode.c.objc; explicitFileType = undefined; includeInIndex = 0; };
		1ABFB8D33E0C4D03B5B5A4C3 /* CDVAccelerometer.h */ = {isa = PBXFileReference; name = "CDVAccelerometer.h"; path = "cordova-plugin-device-motion/CDVAccelerometer.h"; sourceTree = "<group>"; fileEncoding = 4; lastKnownFileType = sourcecode.c.h; explicitFileType = undefined; includeInIndex = 0; };
		B2A82B1822B74FA89F492F72 /* CoreMotion.framework */ = {isa = PBXFileReference; name = "CoreMotion.framework"; path = "System/Library/Frameworks/CoreMotion.framework"; sourceTree = SDKROOT; fileEncoding = undefined; lastKnownFileType = wrapper.framework; explicitFileType = undefined; includeInIndex = 0; };
		6335FC77E2E1465DB40BD3AF /* CDVCompass.m */ = {isa = PBXFileReference; name = "CDVCompass.m"; path = "cordova-plugin-device-orientation/CDVCompass.m"; sourceTree = "<group>"; fileEncoding = 4; lastKnownFileType = sourcecode.c.objc; explicitFileType = undefined; includeInIndex = 0; };
		1C2AC63A6DB44A81B4E7678D /* CDVCompass.h */ = {isa = PBXFileReference; name = "CDVCompass.h"; path = "cordova-plugin-device-orientation/CDVCompass.h"; sourceTree = "<group>"; fileEncoding = 4; lastKnownFileType = sourcecode.c.h; explicitFileType = undefined; includeInIndex = 0; };
		7567AAFF08234F35A380E19D /* CDVNotification.m */ = {isa = PBXFileReference; name = "CDVNotification.m"; path = "cordova-plugin-dialogs/CDVNotification.m"; sourceTree = "<group>"; fileEncoding = 4; lastKnownFileType = sourcecode.c.objc; explicitFileType = undefined; includeInIndex = 0; };
		6F2F67E39A4A4FE49BE9472D /* CDVNotification.h */ = {isa = PBXFileReference; name = "CDVNotification.h"; path = "cordova-plugin-dialogs/CDVNotification.h"; sourceTree = "<group>"; fileEncoding = 4; lastKnownFileType = sourcecode.c.h; explicitFileType = undefined; includeInIndex = 0; };
		734351FE6E304B40B08ABF26 /* CDVNotification.bundle */ = {isa = PBXFileReference; name = "CDVNotification.bundle"; path = "CDVNotification.bundle"; sourceTree = "<group>"; fileEncoding = undefined; lastKnownFileType = wrapper.plug-in; explicitFileType = undefined; includeInIndex = 0; };
		675C0F966AD24A94AE4EF7D4 /* AudioToolbox.framework */ = {isa = PBXFileReference; name = "AudioToolbox.framework"; path = "System/Library/Frameworks/AudioToolbox.framework"; sourceTree = SDKROOT; fileEncoding = undefined; lastKnownFileType = wrapper.framework; explicitFileType = undefined; includeInIndex = 0; };
		C8C1B1D857AF4587AAB8B79E /* CDVFile.m */ = {isa = PBXFileReference; name = "CDVFile.m"; path = "cordova-plugin-file/CDVFile.m"; sourceTree = "<group>"; fileEncoding = 4; lastKnownFileType = sourcecode.c.objc; explicitFileType = undefined; includeInIndex = 0; };
		949130ED84E4464B9BB7D118 /* CDVLocalFilesystem.m */ = {isa = PBXFileReference; name = "CDVLocalFilesystem.m"; path = "cordova-plugin-file/CDVLocalFilesystem.m"; sourceTree = "<group>"; fileEncoding = 4; lastKnownFileType = sourcecode.c.objc; explicitFileType = undefined; includeInIndex = 0; };
		346BB7D01C2145F2B13148B9 /* CDVAssetLibraryFilesystem.m */ = {isa = PBXFileReference; name = "CDVAssetLibraryFilesystem.m"; path = "cordova-plugin-file/CDVAssetLibraryFilesystem.m"; sourceTree = "<group>"; fileEncoding = 4; lastKnownFileType = sourcecode.c.objc; explicitFileType = undefined; includeInIndex = 0; };
		69EA87167DB54D87ACFDDB60 /* CDVFile.h */ = {isa = PBXFileReference; name = "CDVFile.h"; path = "cordova-plugin-file/CDVFile.h"; sourceTree = "<group>"; fileEncoding = 4; lastKnownFileType = sourcecode.c.h; explicitFileType = undefined; includeInIndex = 0; };
		92DD2FEA8E0B4C2BA4D9B94A /* CDVLocalFilesystem.h */ = {isa = PBXFileReference; name = "CDVLocalFilesystem.h"; path = "cordova-plugin-file/CDVLocalFilesystem.h"; sourceTree = "<group>"; fileEncoding = 4; lastKnownFileType = sourcecode.c.h; explicitFileType = undefined; includeInIndex = 0; };
		48AC8BE8A3C848F8A5230FEC /* CDVAssetLibraryFilesystem.h */ = {isa = PBXFileReference; name = "CDVAssetLibraryFilesystem.h"; path = "cordova-plugin-file/CDVAssetLibraryFilesystem.h"; sourceTree = "<group>"; fileEncoding = 4; lastKnownFileType = sourcecode.c.h; explicitFileType = undefined; includeInIndex = 0; };
		97FFDA30BE9A4D45BAAFD4E4 /* CDVFileTransfer.m */ = {isa = PBXFileReference; name = "CDVFileTransfer.m"; path = "cordova-plugin-file-transfer/CDVFileTransfer.m"; sourceTree = "<group>"; fileEncoding = 4; lastKnownFileType = sourcecode.c.objc; explicitFileType = undefined; includeInIndex = 0; };
		64AE1CCAE94F468CA2738922 /* CDVFileTransfer.h */ = {isa = PBXFileReference; name = "CDVFileTransfer.h"; path = "cordova-plugin-file-transfer/CDVFileTransfer.h"; sourceTree = "<group>"; fileEncoding = 4; lastKnownFileType = sourcecode.c.h; explicitFileType = undefined; includeInIndex = 0; };
		B2166A646E1744EE9F5A7645 /* CDVLocation.m */ = {isa = PBXFileReference; name = "CDVLocation.m"; path = "cordova-plugin-geolocation/CDVLocation.m"; sourceTree = "<group>"; fileEncoding = 4; lastKnownFileType = sourcecode.c.objc; explicitFileType = undefined; includeInIndex = 0; };
		E8239069975A4CC8A6888918 /* CDVLocation.h */ = {isa = PBXFileReference; name = "CDVLocation.h"; path = "cordova-plugin-geolocation/CDVLocation.h"; sourceTree = "<group>"; fileEncoding = 4; lastKnownFileType = sourcecode.c.h; explicitFileType = undefined; includeInIndex = 0; };
		844D380C8D8D48ED8F2921B0 /* CDVGlobalization.m */ = {isa = PBXFileReference; name = "CDVGlobalization.m"; path = "cordova-plugin-globalization/CDVGlobalization.m"; sourceTree = "<group>"; fileEncoding = 4; lastKnownFileType = sourcecode.c.objc; explicitFileType = undefined; includeInIndex = 0; };
		DB29ED1E1CAD4C559E1D5A40 /* CDVGlobalization.h */ = {isa = PBXFileReference; name = "CDVGlobalization.h"; path = "cordova-plugin-globalization/CDVGlobalization.h"; sourceTree = "<group>"; fileEncoding = 4; lastKnownFileType = sourcecode.c.h; explicitFileType = undefined; includeInIndex = 0; };
		7D87843853EB49C3B123691F /* CDVInAppBrowser.m */ = {isa = PBXFileReference; name = "CDVInAppBrowser.m"; path = "cordova-plugin-inappbrowser/CDVInAppBrowser.m"; sourceTree = "<group>"; fileEncoding = 4; lastKnownFileType = sourcecode.c.objc; explicitFileType = undefined; includeInIndex = 0; };
		5AF53E99516045C6A15B4E6C /* CDVInAppBrowser.h */ = {isa = PBXFileReference; name = "CDVInAppBrowser.h"; path = "cordova-plugin-inappbrowser/CDVInAppBrowser.h"; sourceTree = "<group>"; fileEncoding = 4; lastKnownFileType = sourcecode.c.h; explicitFileType = undefined; includeInIndex = 0; };
		C564B4B5A2EA4F3FAECD7B4A /* CDVSound.m */ = {isa = PBXFileReference; name = "CDVSound.m"; path = "cordova-plugin-media/CDVSound.m"; sourceTree = "<group>"; fileEncoding = 4; lastKnownFileType = sourcecode.c.objc; explicitFileType = undefined; includeInIndex = 0; };
		A5BB60A086D54218892AC5CF /* CDVSound.h */ = {isa = PBXFileReference; name = "CDVSound.h"; path = "cordova-plugin-media/CDVSound.h"; sourceTree = "<group>"; fileEncoding = 4; lastKnownFileType = sourcecode.c.h; explicitFileType = undefined; includeInIndex = 0; };
		93B584A100634572BE8240E3 /* CDVCapture.m */ = {isa = PBXFileReference; name = "CDVCapture.m"; path = "cordova-plugin-media-capture/CDVCapture.m"; sourceTree = "<group>"; fileEncoding = 4; lastKnownFileType = sourcecode.c.objc; explicitFileType = undefined; includeInIndex = 0; };
		9AC4E35C26C3440BAD9952A9 /* CDVCapture.h */ = {isa = PBXFileReference; name = "CDVCapture.h"; path = "cordova-plugin-media-capture/CDVCapture.h"; sourceTree = "<group>"; fileEncoding = 4; lastKnownFileType = sourcecode.c.h; explicitFileType = undefined; includeInIndex = 0; };
		352B8D00904C48AA90D73265 /* CDVCapture.bundle */ = {isa = PBXFileReference; name = "CDVCapture.bundle"; path = "CDVCapture.bundle"; sourceTree = "<group>"; fileEncoding = undefined; lastKnownFileType = wrapper.plug-in; explicitFileType = undefined; includeInIndex = 0; };
		4841158035914EBE8F394B22 /* CDVConnection.m */ = {isa = PBXFileReference; name = "CDVConnection.m"; path = "cordova-plugin-network-information/CDVConnection.m"; sourceTree = "<group>"; fileEncoding = 4; lastKnownFileType = sourcecode.c.objc; explicitFileType = undefined; includeInIndex = 0; };
		43C7F63DB8BA4CFEB8E9FC13 /* CDVReachability.m */ = {isa = PBXFileReference; name = "CDVReachability.m"; path = "cordova-plugin-network-information/CDVReachability.m"; sourceTree = "<group>"; fileEncoding = 4; lastKnownFileType = sourcecode.c.objc; explicitFileType = undefined; includeInIndex = 0; };
		11D1637A0E1B4CA49A468BC7 /* CDVConnection.h */ = {isa = PBXFileReference; name = "CDVConnection.h"; path = "cordova-plugin-network-information/CDVConnection.h"; sourceTree = "<group>"; fileEncoding = 4; lastKnownFileType = sourcecode.c.h; explicitFileType = undefined; includeInIndex = 0; };
		83DE6D21276D4D5BBC6A080B /* CDVReachability.h */ = {isa = PBXFileReference; name = "CDVReachability.h"; path = "cordova-plugin-network-information/CDVReachability.h"; sourceTree = "<group>"; fileEncoding = 4; lastKnownFileType = sourcecode.c.h; explicitFileType = undefined; includeInIndex = 0; };
		BDA37E3771C94A8D9DCF5739 /* SystemConfiguration.framework */ = {isa = PBXFileReference; name = "SystemConfiguration.framework"; path = "System/Library/Frameworks/SystemConfiguration.framework"; sourceTree = SDKROOT; fileEncoding = undefined; lastKnownFileType = wrapper.framework; explicitFileType = undefined; includeInIndex = 0; };
		F207435B175D42D482A22353 /* CoreTelephony.framework */ = {isa = PBXFileReference; name = "CoreTelephony.framework"; path = "System/Library/Frameworks/CoreTelephony.framework"; sourceTree = SDKROOT; fileEncoding = undefined; lastKnownFileType = wrapper.framework; explicitFileType = undefined; includeInIndex = 0; };
		0F1589466B194E4BB36B33FC /* CDVSplashScreen.m */ = {isa = PBXFileReference; name = "CDVSplashScreen.m"; path = "cordova-plugin-splashscreen/CDVSplashScreen.m"; sourceTree = "<group>"; fileEncoding = 4; lastKnownFileType = sourcecode.c.objc; explicitFileType = undefined; includeInIndex = 0; };
		AD404EC19C724BEF8EEC4DF5 /* CDVViewController+SplashScreen.m */ = {isa = PBXFileReference; name = "CDVViewController+SplashScreen.m"; path = "cordova-plugin-splashscreen/CDVViewController+SplashScreen.m"; sourceTree = "<group>"; fileEncoding = 4; lastKnownFileType = sourcecode.c.objc; explicitFileType = undefined; includeInIndex = 0; };
		C34B86BE20404DD19F7B89F3 /* CDVSplashScreen.h */ = {isa = PBXFileReference; name = "CDVSplashScreen.h"; path = "cordova-plugin-splashscreen/CDVSplashScreen.h"; sourceTree = "<group>"; fileEncoding = 4; lastKnownFileType = sourcecode.c.h; explicitFileType = undefined; includeInIndex = 0; };
		E8B91054F79742A0966122E5 /* CDVViewController+SplashScreen.h */ = {isa = PBXFileReference; name = "CDVViewController+SplashScreen.h"; path = "cordova-plugin-splashscreen/CDVViewController+SplashScreen.h"; sourceTree = "<group>"; fileEncoding = 4; lastKnownFileType = sourcecode.c.h; explicitFileType = undefined; includeInIndex = 0; };
		CD4A4718E56B4CCC8DA0961D /* CDVStatusBar.m */ = {isa = PBXFileReference; name = "CDVStatusBar.m"; path = "cordova-plugin-statusbar/CDVStatusBar.m"; sourceTree = "<group>"; fileEncoding = 4; lastKnownFileType = sourcecode.c.objc; explicitFileType = undefined; includeInIndex = 0; };
		EA006BED724C4587940755D7 /* CDVStatusBar.h */ = {isa = PBXFileReference; name = "CDVStatusBar.h"; path = "cordova-plugin-statusbar/CDVStatusBar.h"; sourceTree = "<group>"; fileEncoding = 4; lastKnownFileType = sourcecode.c.h; explicitFileType = undefined; includeInIndex = 0; };
		E458EA74936A4519AEA79688 /* CDVVibration.m */ = {isa = PBXFileReference; name = "CDVVibration.m"; path = "cordova-plugin-vibration/CDVVibration.m"; sourceTree = "<group>"; fileEncoding = 4; lastKnownFileType = sourcecode.c.objc; explicitFileType = undefined; includeInIndex = 0; };
		FA38DC60F3A94B9F9F598D0A /* CDVVibration.h */ = {isa = PBXFileReference; name = "CDVVibration.h"; path = "cordova-plugin-vibration/CDVVibration.h"; sourceTree = "<group>"; fileEncoding = 4; lastKnownFileType = sourcecode.c.h; explicitFileType = undefined; includeInIndex = 0; };
/* End PBXFileReference section */

/* Begin PBXFrameworksBuildPhase section */
		1D60588F0D05DD3D006BFB54 /* Frameworks */ = {
			isa = PBXFrameworksBuildPhase;
			buildActionMask = 2147483647;
			files = (
				301BF552109A68D80062928A /* libCordova.a in Frameworks */,
				5185A87268FF43DD98269DAF /* ImageIO.framework in Frameworks */,
				735F17E4EBA64E788A37DEE2 /* CoreLocation.framework in Frameworks */,
				B6567EAD89614323B923C880 /* AVFoundation.framework in Frameworks */,
				53B9469A38F64E5B947249B6 /* AddressBook.framework in Frameworks */,
				B942A3A2604D46318AC7DFCB /* AddressBookUI.framework in Frameworks */,
				01101B8C2D164950BB504709 /* libz.tbd in Frameworks */,
				D2B1960B182341FCACE7087D /* CoreMotion.framework in Frameworks */,
				88C09BA9E3F5404CA33D53F0 /* AudioToolbox.framework in Frameworks */,
				438F2480840E4D40929113E6 /* SystemConfiguration.framework in Frameworks */,
				33A7CB28D4004B2E8FB198D6 /* CoreTelephony.framework in Frameworks */,
			);
			runOnlyForDeploymentPostprocessing = 0;
		};
/* End PBXFrameworksBuildPhase section */

/* Begin PBXGroup section */
		080E96DDFE201D6D7F000001 /* Classes */ = {
			isa = PBXGroup;
			children = (
				302D95EE14D2391D003F00A1 /* MainViewController.h */,
				302D95EF14D2391D003F00A1 /* MainViewController.m */,
				302D95F014D2391D003F00A1 /* MainViewController.xib */,
				1D3623240D0F684500981E51 /* AppDelegate.h */,
				1D3623250D0F684500981E51 /* AppDelegate.m */,
			);
			name = Classes;
			path = "WordShare/Classes";
			sourceTree = SOURCE_ROOT;
		};
		19C28FACFE9D520D11CA2CBB /* Products */ = {
			isa = PBXGroup;
			children = (
				1D6058910D05DD3D006BFB54 /* WordShare.app */,
			);
			name = Products;
			sourceTree = "<group>";
		};
		29B97314FDCFA39411CA2CEA /* CustomTemplate */ = {
			isa = PBXGroup;
			children = (
				EB87FDF41871DAF40020F90C /* config.xml */,
				EB87FDF31871DA8E0020F90C /* www */,
				EB87FDF11871DA420020F90C /* Staging */,
				301BF52D109A57CC0062928A /* CordovaLib.xcodeproj */,
				080E96DDFE201D6D7F000001 /* Classes */,
				307C750510C5A3420062BCA9 /* Plugins */,
				29B97315FDCFA39411CA2CEA /* Other Sources */,
				29B97317FDCFA39411CA2CEA /* Resources */,
				29B97323FDCFA39411CA2CEA /* Frameworks */,
				19C28FACFE9D520D11CA2CBB /* Products */,
			);
			name = CustomTemplate;
			sourceTree = "<group>";
		};
		29B97315FDCFA39411CA2CEA /* Other Sources */ = {
			isa = PBXGroup;
			children = (
				32CA4F630368D1EE00C91783 /* WordShare-Prefix.pch */,
				29B97316FDCFA39411CA2CEA /* main.m */,
				ED33DF2A687741AEAF9F8254 /* Bridging-Header.h */,
			);
			name = "Other Sources";
			path = "WordShare";
			sourceTree = "<group>";
		};
		29B97317FDCFA39411CA2CEA /* Resources */ = {
			isa = PBXGroup;
			children = (
				0207DA571B56EA530066E2B4 /* Images.xcassets */,
				3047A50E1AB8057F00498E2A /* config */,
				8D1107310486CEB800E47090 /* WordShare-Info.plist */,
				6AFF5BF81D6E424B00AB3073 /* CDVLaunchScreen.storyboard */,
				734351FE6E304B40B08ABF26 /* CDVNotification.bundle */,
				352B8D00904C48AA90D73265 /* CDVCapture.bundle */,
			);
			name = Resources;
			path = "WordShare/Resources";
			sourceTree = "<group>";
		};
		29B97323FDCFA39411CA2CEA /* Frameworks */ = {
			isa = PBXGroup;
			children = (
				995D780037AA4B00B105026A /* ImageIO.framework */,
				8059D4941B324B42A9A54222 /* CoreLocation.framework */,
				3764A377F6D543AA873C63FA /* AVFoundation.framework */,
				A7AD58888CB949B1A38DD472 /* AddressBook.framework */,
				EB2ACC5CE1E64610A5D3F72A /* AddressBookUI.framework */,
				2E3179E34F414C48BB127ED2 /* libz.tbd */,
				B2A82B1822B74FA89F492F72 /* CoreMotion.framework */,
				675C0F966AD24A94AE4EF7D4 /* AudioToolbox.framework */,
				BDA37E3771C94A8D9DCF5739 /* SystemConfiguration.framework */,
				F207435B175D42D482A22353 /* CoreTelephony.framework */,
			);
			name = Frameworks;
			sourceTree = "<group>";
		};
		301BF52E109A57CC0062928A /* Products */ = {
			isa = PBXGroup;
			children = (
				301BF535109A57CC0062928A /* libCordova.a */,
			);
			name = Products;
			sourceTree = "<group>";
		};
		3047A50E1AB8057F00498E2A /* config */ = {
			isa = PBXGroup;
			children = (
				3047A50F1AB8059700498E2A /* build-debug.xcconfig */,
				3047A5101AB8059700498E2A /* build-release.xcconfig */,
				3047A5111AB8059700498E2A /* build.xcconfig */,
			);
			name = config;
			sourceTree = "<group>";
		};
		307C750510C5A3420062BCA9 /* Plugins */ = {
			isa = PBXGroup;
			children = (
				260BF6E05B494B3A94DFCDC8 /* CDVBattery.m */,
				B7434262789141F591D2D705 /* CDVBattery.h */,
				205A14AB85964766A0F6A980 /* UIImage+CropScaleOrientation.m */,
				E5947B2E142446669430D889 /* CDVCamera.m */,
				A3DDF5AB4EE14FBFBC120048 /* CDVJpegHeaderWriter.m */,
				0E6B790DB5584F888F087369 /* UIImage+CropScaleOrientation.h */,
				0C63DDE850BE4C23970C8422 /* CDVCamera.h */,
				241EBF64B19D4FBCB0F5C2CD /* CDVJpegHeaderWriter.h */,
				6A3C750F144E43D584F006CE /* CDVExif.h */,
				3E95E06A83F64A1E95551F8E /* CDVLogger.m */,
				4594DB94108A4E29B32073C4 /* CDVLogger.h */,
				4FA404F7FCBA45C4B830FEE0 /* CDVContacts.m */,
				0B32E91C8CB74C4BA423A1D6 /* CDVContact.m */,
				2F675EBFA8D94D308D10124B /* CDVContacts.h */,
				4FF985B36F7845E3988A4520 /* CDVContact.h */,
				CCD0BA53E39F44489327242F /* CDVDevice.m */,
				4EF2202EF8C140B8BA3195A3 /* CDVDevice.h */,
				48CA99AA9770463CA697B3E1 /* CDVAccelerometer.m */,
				1ABFB8D33E0C4D03B5B5A4C3 /* CDVAccelerometer.h */,
				6335FC77E2E1465DB40BD3AF /* CDVCompass.m */,
				1C2AC63A6DB44A81B4E7678D /* CDVCompass.h */,
				7567AAFF08234F35A380E19D /* CDVNotification.m */,
				6F2F67E39A4A4FE49BE9472D /* CDVNotification.h */,
				C8C1B1D857AF4587AAB8B79E /* CDVFile.m */,
				949130ED84E4464B9BB7D118 /* CDVLocalFilesystem.m */,
				346BB7D01C2145F2B13148B9 /* CDVAssetLibraryFilesystem.m */,
				69EA87167DB54D87ACFDDB60 /* CDVFile.h */,
				92DD2FEA8E0B4C2BA4D9B94A /* CDVLocalFilesystem.h */,
				48AC8BE8A3C848F8A5230FEC /* CDVAssetLibraryFilesystem.h */,
				97FFDA30BE9A4D45BAAFD4E4 /* CDVFileTransfer.m */,
				64AE1CCAE94F468CA2738922 /* CDVFileTransfer.h */,
				B2166A646E1744EE9F5A7645 /* CDVLocation.m */,
				E8239069975A4CC8A6888918 /* CDVLocation.h */,
				844D380C8D8D48ED8F2921B0 /* CDVGlobalization.m */,
				DB29ED1E1CAD4C559E1D5A40 /* CDVGlobalization.h */,
				7D87843853EB49C3B123691F /* CDVInAppBrowser.m */,
				5AF53E99516045C6A15B4E6C /* CDVInAppBrowser.h */,
				C564B4B5A2EA4F3FAECD7B4A /* CDVSound.m */,
				A5BB60A086D54218892AC5CF /* CDVSound.h */,
				93B584A100634572BE8240E3 /* CDVCapture.m */,
				9AC4E35C26C3440BAD9952A9 /* CDVCapture.h */,
				4841158035914EBE8F394B22 /* CDVConnection.m */,
				43C7F63DB8BA4CFEB8E9FC13 /* CDVReachability.m */,
				11D1637A0E1B4CA49A468BC7 /* CDVConnection.h */,
				83DE6D21276D4D5BBC6A080B /* CDVReachability.h */,
				0F1589466B194E4BB36B33FC /* CDVSplashScreen.m */,
				AD404EC19C724BEF8EEC4DF5 /* CDVViewController+SplashScreen.m */,
				C34B86BE20404DD19F7B89F3 /* CDVSplashScreen.h */,
				E8B91054F79742A0966122E5 /* CDVViewController+SplashScreen.h */,
				CD4A4718E56B4CCC8DA0961D /* CDVStatusBar.m */,
				EA006BED724C4587940755D7 /* CDVStatusBar.h */,
				E458EA74936A4519AEA79688 /* CDVVibration.m */,
				FA38DC60F3A94B9F9F598D0A /* CDVVibration.h */,
			);
			name = Plugins;
			path = "WordShare/Plugins";
			sourceTree = SOURCE_ROOT;
		};
		EB87FDF11871DA420020F90C /* Staging */ = {
			isa = PBXGroup;
			children = (
				F840E1F0165FE0F500CFE078 /* config.xml */,
				301BF56E109A69640062928A /* www */,
			);
			name = Staging;
			sourceTree = "<group>";
		};
/* End PBXGroup section */

/* Begin PBXNativeTarget section */
		1D6058900D05DD3D006BFB54 /* WordShare */ = {
			isa = PBXNativeTarget;
			buildConfigurationList = 1D6058960D05DD3E006BFB54 /* Build configuration list for PBXNativeTarget "WordShare" */;
			buildPhases = (
				304B58A110DAC018002A0835 /* Copy www directory */,
				1D60588D0D05DD3D006BFB54 /* Resources */,
				1D60588E0D05DD3D006BFB54 /* Sources */,
				1D60588F0D05DD3D006BFB54 /* Frameworks */,
			);
			buildRules = (
			);
			dependencies = (
				301BF551109A68C00062928A /* PBXTargetDependency */,
			);
			name = "WordShare";
			productName = "WordShare";
			productReference = 1D6058910D05DD3D006BFB54 /* WordShare.app */;
			productType = "com.apple.product-type.application";
		};
/* End PBXNativeTarget section */

/* Begin PBXProject section */
		29B97313FDCFA39411CA2CEA /* Project object */ = {
			isa = PBXProject;
			attributes = {
				LastUpgradeCheck = 510;
			};
			buildConfigurationList = C01FCF4E08A954540054247B /* Build configuration list for PBXProject "__NON-CLI__" */;
			compatibilityVersion = "Xcode 3.2";
			developmentRegion = English;
			hasScannedForEncodings = 1;
			mainGroup = 29B97314FDCFA39411CA2CEA /* CustomTemplate */;
			projectDirPath = "";
			projectReferences = (
				{
					ProductGroup = 301BF52E109A57CC0062928A /* Products */;
					ProjectRef = 301BF52D109A57CC0062928A /* CordovaLib.xcodeproj */;
				},
			);
			projectRoot = "";
			targets = (
				1D6058900D05DD3D006BFB54 /* WordShare */,
			);
		};
/* End PBXProject section */

/* Begin PBXReferenceProxy section */
		301BF535109A57CC0062928A /* libCordova.a */ = {
			isa = PBXReferenceProxy;
			fileType = archive.ar;
			path = libCordova.a;
			remoteRef = 301BF534109A57CC0062928A /* PBXContainerItemProxy */;
			sourceTree = BUILT_PRODUCTS_DIR;
		};
/* End PBXReferenceProxy section */

/* Begin PBXResourcesBuildPhase section */
		1D60588D0D05DD3D006BFB54 /* Resources */ = {
			isa = PBXResourcesBuildPhase;
			buildActionMask = 2147483647;
			files = (
				302D95F214D2391D003F00A1 /* MainViewController.xib in Resources */,
				0207DA581B56EA530066E2B4 /* Images.xcassets in Resources */,
				6AFF5BF91D6E424B00AB3073 /* CDVLaunchScreen.storyboard in Resources */,
				CB9D369718D5417C8CA4352D /* CDVNotification.bundle in Resources */,
				4AB9F6A8D86E47DDA1B3C6D1 /* CDVCapture.bundle in Resources */,
			);
			runOnlyForDeploymentPostprocessing = 0;
		};
/* End PBXResourcesBuildPhase section */

/* Begin PBXShellScriptBuildPhase section */
		304B58A110DAC018002A0835 /* Copy www directory */ = {
			isa = PBXShellScriptBuildPhase;
			buildActionMask = 2147483647;
			files = (
			);
			inputPaths = (
			);
			name = "Copy www directory";
			outputPaths = (
			);
			runOnlyForDeploymentPostprocessing = 0;
			shellPath = /bin/sh;
			shellScript = "NODEJS_PATH=/usr/local/bin; NVM_NODE_PATH=~/.nvm/versions/node/`nvm version 2>/dev/null`/bin; N_NODE_PATH=`find /usr/local/n/versions/node/* -maxdepth 0 -type d 2>/dev/null | tail -1`/bin; XCODE_NODE_PATH=`xcode-select --print-path`/usr/share/xcs/Node/bin; PATH=$NODEJS_PATH:$NVM_NODE_PATH:$N_NODE_PATH:$XCODE_NODE_PATH:$PATH && node cordova/lib/copy-www-build-step.js";
			showEnvVarsInLog = 0;
		};
/* End PBXShellScriptBuildPhase section */

/* Begin PBXSourcesBuildPhase section */
		1D60588E0D05DD3D006BFB54 /* Sources */ = {
			isa = PBXSourcesBuildPhase;
			buildActionMask = 2147483647;
			files = (
				1D60589B0D05DD56006BFB54 /* main.m in Sources */,
				1D3623260D0F684500981E51 /* AppDelegate.m in Sources */,
				302D95F114D2391D003F00A1 /* MainViewController.m in Sources */,
				EF0737A206D2466A9E249889 /* CDVBattery.m in Sources */,
				50496DE2D70F49EAAFE46F8F /* UIImage+CropScaleOrientation.m in Sources */,
				24B99C935D754019826B0142 /* CDVCamera.m in Sources */,
				60E28B81569B49BEA6069E19 /* CDVJpegHeaderWriter.m in Sources */,
				2A93B894398D4140B27A40E1 /* CDVLogger.m in Sources */,
				71A9D756C8CA4E699E463F5D /* CDVContacts.m in Sources */,
				9C852F269A5E44F58A45D3F2 /* CDVContact.m in Sources */,
				A460C87574CA4A29AE16394D /* CDVDevice.m in Sources */,
				F33295FABF1A4EB8A338BA46 /* CDVAccelerometer.m in Sources */,
				606B1B4A5B624A9A8315F926 /* CDVCompass.m in Sources */,
				4919D48707E7441FBE85EB26 /* CDVNotification.m in Sources */,
				527F8D9C8DC24536A2653118 /* CDVFile.m in Sources */,
				4032DC1A017E4E9FA9E4BE90 /* CDVLocalFilesystem.m in Sources */,
				1F754C890B2A4641901DE55C /* CDVAssetLibraryFilesystem.m in Sources */,
				B3CD0EBB45FC46CE96E67C70 /* CDVFileTransfer.m in Sources */,
				C9CFA629BB5842C8B3241058 /* CDVLocation.m in Sources */,
				20034827A7CB48EAB7CAA373 /* CDVGlobalization.m in Sources */,
				6ADFD281F20A45F4885D9085 /* CDVInAppBrowser.m in Sources */,
				88A16B2B5CED4D07A2851956 /* CDVSound.m in Sources */,
				4F16DD8103D147CB8A695324 /* CDVCapture.m in Sources */,
				B82FB261FAA8489BA139F3CA /* CDVConnection.m in Sources */,
				62D0D779F3614C76B1EDF1BF /* CDVReachability.m in Sources */,
				2EF9A7FCE2E640FE9957FDC0 /* CDVSplashScreen.m in Sources */,
				7B7356DD723B4984BD63C77E /* CDVViewController+SplashScreen.m in Sources */,
				9608E557E8CD4F998510F3E7 /* CDVStatusBar.m in Sources */,
				7CF2807E24DF444B843132C2 /* CDVVibration.m in Sources */,
			);
			runOnlyForDeploymentPostprocessing = 0;
		};
/* End PBXSourcesBuildPhase section */

/* Begin PBXTargetDependency section */
		301BF551109A68C00062928A /* PBXTargetDependency */ = {
			isa = PBXTargetDependency;
			name = CordovaLib;
			targetProxy = 301BF550109A68C00062928A /* PBXContainerItemProxy */;
		};
/* End PBXTargetDependency section */

/* Begin XCBuildConfiguration section */
		1D6058940D05DD3E006BFB54 /* Debug */ = {
			isa = XCBuildConfiguration;
			baseConfigurationReference = 3047A50F1AB8059700498E2A /* build-debug.xcconfig */;
			buildSettings = {
				ALWAYS_SEARCH_USER_PATHS = NO;
				ASSETCATALOG_COMPILER_APPICON_NAME = AppIcon;
				ASSETCATALOG_COMPILER_LAUNCHIMAGE_NAME = LaunchImage;
				CLANG_ENABLE_MODULES = YES;
				CLANG_ENABLE_OBJC_ARC = YES;
				COPY_PHASE_STRIP = NO;
				GCC_DYNAMIC_NO_PIC = NO;
				GCC_OPTIMIZATION_LEVEL = 0;
				GCC_PRECOMPILE_PREFIX_HEADER = YES;
				GCC_PREFIX_HEADER = "WordShare/WordShare-Prefix.pch";
				GCC_THUMB_SUPPORT = NO;
				GCC_VERSION = "";
				INFOPLIST_FILE = "WordShare/WordShare-Info.plist";
				IPHONEOS_DEPLOYMENT_TARGET = 9.0;
				LD_RUNPATH_SEARCH_PATHS = "@executable_path/Frameworks";
				TARGETED_DEVICE_FAMILY = "1,2";
				PRODUCT_NAME = "WordShare";
			};
			name = Debug;
		};
		1D6058950D05DD3E006BFB54 /* Release */ = {
			isa = XCBuildConfiguration;
			baseConfigurationReference = 3047A5101AB8059700498E2A /* build-release.xcconfig */;
			buildSettings = {
				ALWAYS_SEARCH_USER_PATHS = NO;
				ASSETCATALOG_COMPILER_APPICON_NAME = AppIcon;
				ASSETCATALOG_COMPILER_LAUNCHIMAGE_NAME = LaunchImage;
				CLANG_ENABLE_MODULES = YES;
				CLANG_ENABLE_OBJC_ARC = YES;
				COPY_PHASE_STRIP = YES;
				GCC_PRECOMPILE_PREFIX_HEADER = YES;
				GCC_PREFIX_HEADER = "WordShare/WordShare-Prefix.pch";
				GCC_THUMB_SUPPORT = NO;
				GCC_VERSION = "";
				INFOPLIST_FILE = "WordShare/WordShare-Info.plist";
				IPHONEOS_DEPLOYMENT_TARGET = 9.0;
				LD_RUNPATH_SEARCH_PATHS = "@executable_path/Frameworks";
				TARGETED_DEVICE_FAMILY = "1,2";
				PRODUCT_NAME = "WordShare";
			};
			name = Release;
		};
		C01FCF4F08A954540054247B /* Debug */ = {
			isa = XCBuildConfiguration;
			baseConfigurationReference = 3047A5111AB8059700498E2A /* build.xcconfig */;
			buildSettings = {
				CLANG_ENABLE_MODULES = YES;
				CLANG_ENABLE_OBJC_ARC = YES;
				CLANG_WARN_BOOL_CONVERSION = YES;
				CLANG_WARN_CONSTANT_CONVERSION = YES;
				CLANG_WARN_EMPTY_BODY = YES;
				CLANG_WARN_ENUM_CONVERSION = YES;
				CLANG_WARN_INT_CONVERSION = YES;
				CLANG_WARN__DUPLICATE_METHOD_MATCH = YES;
				GCC_C_LANGUAGE_STANDARD = c99;
				GCC_THUMB_SUPPORT = NO;
				GCC_VERSION = "";
				GCC_WARN_ABOUT_RETURN_TYPE = YES;
				GCC_WARN_UNDECLARED_SELECTOR = YES;
				GCC_WARN_UNINITIALIZED_AUTOS = YES;
				GCC_WARN_UNUSED_FUNCTION = YES;
				GCC_WARN_UNUSED_VARIABLE = YES;
				ONLY_ACTIVE_ARCH = YES;
				SDKROOT = iphoneos;
				SKIP_INSTALL = NO;
			};
			name = Debug;
		};
		C01FCF5008A954540054247B /* Release */ = {
			isa = XCBuildConfiguration;
			baseConfigurationReference = 3047A5111AB8059700498E2A /* build.xcconfig */;
			buildSettings = {
				CLANG_ENABLE_MODULES = YES;
				CLANG_ENABLE_OBJC_ARC = YES;
				CLANG_WARN_BOOL_CONVERSION = YES;
				CLANG_WARN_CONSTANT_CONVERSION = YES;
				CLANG_WARN_EMPTY_BODY = YES;
				CLANG_WARN_ENUM_CONVERSION = YES;
				CLANG_WARN_INT_CONVERSION = YES;
				CLANG_WARN__DUPLICATE_METHOD_MATCH = YES;
				GCC_C_LANGUAGE_STANDARD = c99;
				GCC_THUMB_SUPPORT = NO;
				GCC_VERSION = "";
				GCC_WARN_ABOUT_RETURN_TYPE = YES;
				GCC_WARN_UNDECLARED_SELECTOR = YES;
				GCC_WARN_UNINITIALIZED_AUTOS = YES;
				GCC_WARN_UNUSED_FUNCTION = YES;
				GCC_WARN_UNUSED_VARIABLE = YES;
				SDKROOT = iphoneos;
				SKIP_INSTALL = NO;
			};
			name = Release;
		};
/* End XCBuildConfiguration section */

/* Begin XCConfigurationList section */
		1D6058960D05DD3E006BFB54 /* Build configuration list for PBXNativeTarget "WordShare" */ = {
			isa = XCConfigurationList;
			buildConfigurations = (
				1D6058940D05DD3E006BFB54 /* Debug */,
				1D6058950D05DD3E006BFB54 /* Release */,
			);
			defaultConfigurationIsVisible = 0;
			defaultConfigurationName = Release;
		};
		C01FCF4E08A954540054247B /* Build configuration list for PBXProject "__NON-CLI__" */ = {
			isa = XCConfigurationList;
			buildConfigurations = (
				C01FCF4F08A954540054247B /* Debug */,
				C01FCF5008A954540054247B /* Release */,
			);
			defaultConfigurationIsVisible = 0;
			defaultConfigurationName = Release;
		};
/* End XCConfigurationList section */
	};
	rootObject = 29B97313FDCFA39411CA2CEA /* Project object */;
}
